
Microsoft Visual Studio Solution File, Format Version 12.00
# Visual Studio Version 17
VisualStudioVersion = 17.9.34607.119
MinimumVisualStudioVersion = 10.0.40219.1
Project("{2150E333-8FDC-42A3-9474-1A3956D46DE8}") = "Chapter01", "Chapter01", "{476A5B01-A91F-43CA-AD64-DF32DD81D6C8}"
EndProject
Project("{FAE04EC0-301F-11D3-BF4B-00C04F79EFBC}") = "ProductSample", "Chapter01\ProductSample\ProductSample.csproj", "{97216610-8206-452D-ABA6-34FE55FC3BB8}"
EndProject
Project("{FAE04EC0-301F-11D3-BF4B-00C04F79EFBC}") = "Sample_p38", "Chapter01\Sample_P38\Sample_p38.csproj", "{71A1A5A9-0AC8-4475-BED2-20020E8D2663}"
EndProject
Project("{2150E333-8FDC-42A3-9474-1A3956D46DE8}") = "Chapter02", "Chapter02", "{6C8F4F13-710C-4CC2-9368-701464C722AE}"
EndProject
Project("{2150E333-8FDC-42A3-9474-1A3956D46DE8}") = "距離換算プログラム", "距離換算プログラム", "{36556AA0-92AF-414F-853B-C8D6340A850F}"
EndProject
Project("{FAE04EC0-301F-11D3-BF4B-00C04F79EFBC}") = "DistanceConverter", "Chapter02\DistanceConverter\DistanceConverter.csproj", "{4D95D509-AADF-4F85-ABFF-07E6643F04BC}"
EndProject
Project("{FAE04EC0-301F-11D3-BF4B-00C04F79EFBC}") = "Exercise1", "Chapter02\演習問題\Exercise1\Exercise1.csproj", "{06DF6D13-BE5F-4FFB-B648-130982ECE3BA}"
EndProject
Project("{FAE04EC0-301F-11D3-BF4B-00C04F79EFBC}") = "Exercise2", "Chapter02\演習問題\Exercise2\Exercise2.csproj", "{F3EF98C7-003D-4DB5-B364-7F1A279C0035}"
EndProject
Project("{2150E333-8FDC-42A3-9474-1A3956D46DE8}") = "FormApps", "FormApps", "{7E51CE35-ABAF-44C7-9F19-59B356F9BB84}"
EndProject
Project("{9A19103F-16F7-4668-BE54-9A1E7A4F7556}") = "BallApp", "FormApps\BallApp\BallApp.csproj", "{A49ADB6E-06FF-4B1C-A6A9-209741C9DCC8}"
EndProject
Project("{2150E333-8FDC-42A3-9474-1A3956D46DE8}") = "演習問題", "演習問題", "{49D893B0-9A42-48E7-8226-D29574758CF1}"
EndProject
Project("{2150E333-8FDC-42A3-9474-1A3956D46DE8}") = "Chapter03", "Chapter03", "{0A2B4C99-5AC5-4058-9019-6F7E507BA5FD}"
EndProject
Project("{FAE04EC0-301F-11D3-BF4B-00C04F79EFBC}") = "Section01", "Chapter03\Section01\Section01.csproj", "{722ACEB6-BFED-48B1-8A1D-BD6DE56386DB}"
EndProject
Project("{2150E333-8FDC-42A3-9474-1A3956D46DE8}") = "演習問題", "演習問題", "{F0BEBF4D-5FCA-4D95-AE8D-61EFCD5F6BED}"
EndProject
Project("{FAE04EC0-301F-11D3-BF4B-00C04F79EFBC}") = "Exercise01", "Chapter03\演習問題\Exercise01\Exercise01.csproj", "{075E3085-93D1-42AE-830F-246A26085BFD}"
EndProject
Project("{FAE04EC0-301F-11D3-BF4B-00C04F79EFBC}") = "Exercise02", "Chapter03\演習問題\Exercise02\Exercise02.csproj", "{661CB33E-AC43-4EB3-96D3-1BFDBDD41DE6}"
EndProject
Project("{2150E333-8FDC-42A3-9474-1A3956D46DE8}") = "Chapter04", "Chapter04", "{BFC02466-9ECA-4091-BCAA-D9423D0F4E1F}"
EndProject
Project("{FAE04EC0-301F-11D3-BF4B-00C04F79EFBC}") = "Section01", "Chapter04\Section01\Section01.csproj", "{FBA66D88-4B8C-4DC7-9EFC-3C2BB848CA55}"
EndProject
Project("{2150E333-8FDC-42A3-9474-1A3956D46DE8}") = "演習問題", "演習問題", "{5B6E19CC-1B70-4280-B0C5-E26990D6C0C7}"
EndProject
Project("{FAE04EC0-301F-11D3-BF4B-00C04F79EFBC}") = "Exercise01", "Chapter04\演習問題\Exercise01\Exercise01.csproj", "{FE070AE8-91A8-4E78-9877-DFF28259161F}"
EndProject
Project("{FAE04EC0-301F-11D3-BF4B-00C04F79EFBC}") = "Exercise02", "Chapter04\演習問題\Exercise02\Exercise02.csproj", "{79B29D5F-B270-4495-AAE0-0F764B3FA348}"
EndProject
Project("{2150E333-8FDC-42A3-9474-1A3956D46DE8}") = "Chapter05", "Chapter05", "{DEC10110-CEDD-4E59-B61E-2C57ED0C8A3F}"
EndProject
Project("{2150E333-8FDC-42A3-9474-1A3956D46DE8}") = "演習問題", "演習問題", "{4069B064-DD5C-4037-998C-15AD80A64CF5}"
EndProject
Project("{FAE04EC0-301F-11D3-BF4B-00C04F79EFBC}") = "Exercise01", "Chapter05\演習問題\Exercise01\Exercise01.csproj", "{9726295E-C361-4C35-A392-BB401C3215A7}"
EndProject
Project("{FAE04EC0-301F-11D3-BF4B-00C04F79EFBC}") = "Exercise02", "Chapter05\演習問題\Exercise02\Exercise02.csproj", "{23E3BF92-9395-4AA2-800D-D030972AC546}"
EndProject
Project("{FAE04EC0-301F-11D3-BF4B-00C04F79EFBC}") = "Exercise03", "Chapter05\演習問題\Exercise03\Exercise03.csproj", "{BDD54D07-FD79-435B-AB18-202B3B3FE789}"
EndProject
Project("{FAE04EC0-301F-11D3-BF4B-00C04F79EFBC}") = "Exercise04", "Chapter05\演習問題\Exercise04\Exercise04\Exercise04.csproj", "{454FF15C-8002-4844-BBCB-A57E798E774A}"
EndProject
Project("{2150E333-8FDC-42A3-9474-1A3956D46DE8}") = "Chapter06", "Chapter06", "{D418038F-0C62-44B7-868E-61C2C381AEAC}"
EndProject
Project("{FAE04EC0-301F-11D3-BF4B-00C04F79EFBC}") = "section01", "Chapter06\section01\section01.csproj", "{126F359C-3220-4551-848A-1899F39CD398}"
EndProject
Project("{2150E333-8FDC-42A3-9474-1A3956D46DE8}") = "演習問題", "演習問題", "{2774D0FA-4EFF-4950-95A4-929E0E6F8361}"
EndProject
Project("{FAE04EC0-301F-11D3-BF4B-00C04F79EFBC}") = "Exercise01", "Chapter06\演習問題\Exercise01\Exercise01.csproj", "{37675F44-3424-42B7-86D8-8558EBE6DCFF}"
EndProject
Project("{FAE04EC0-301F-11D3-BF4B-00C04F79EFBC}") = "Exercise02", "Chapter06\演習問題\Exercise02\Exercise02.csproj", "{707A05C0-4366-43CC-AC4C-E519E006E38F}"
EndProject
Global
	GlobalSection(SolutionConfigurationPlatforms) = preSolution
		Debug|Any CPU = Debug|Any CPU
		Release|Any CPU = Release|Any CPU
	EndGlobalSection
	GlobalSection(ProjectConfigurationPlatforms) = postSolution
		{97216610-8206-452D-ABA6-34FE55FC3BB8}.Debug|Any CPU.ActiveCfg = Debug|Any CPU
		{97216610-8206-452D-ABA6-34FE55FC3BB8}.Debug|Any CPU.Build.0 = Debug|Any CPU
		{97216610-8206-452D-ABA6-34FE55FC3BB8}.Release|Any CPU.ActiveCfg = Release|Any CPU
		{97216610-8206-452D-ABA6-34FE55FC3BB8}.Release|Any CPU.Build.0 = Release|Any CPU
		{71A1A5A9-0AC8-4475-BED2-20020E8D2663}.Debug|Any CPU.ActiveCfg = Debug|Any CPU
		{71A1A5A9-0AC8-4475-BED2-20020E8D2663}.Debug|Any CPU.Build.0 = Debug|Any CPU
		{71A1A5A9-0AC8-4475-BED2-20020E8D2663}.Release|Any CPU.ActiveCfg = Release|Any CPU
		{71A1A5A9-0AC8-4475-BED2-20020E8D2663}.Release|Any CPU.Build.0 = Release|Any CPU
		{4D95D509-AADF-4F85-ABFF-07E6643F04BC}.Debug|Any CPU.ActiveCfg = Debug|Any CPU
		{4D95D509-AADF-4F85-ABFF-07E6643F04BC}.Debug|Any CPU.Build.0 = Debug|Any CPU
		{4D95D509-AADF-4F85-ABFF-07E6643F04BC}.Release|Any CPU.ActiveCfg = Release|Any CPU
		{4D95D509-AADF-4F85-ABFF-07E6643F04BC}.Release|Any CPU.Build.0 = Release|Any CPU
		{06DF6D13-BE5F-4FFB-B648-130982ECE3BA}.Debug|Any CPU.ActiveCfg = Debug|Any CPU
		{06DF6D13-BE5F-4FFB-B648-130982ECE3BA}.Debug|Any CPU.Build.0 = Debug|Any CPU
		{06DF6D13-BE5F-4FFB-B648-130982ECE3BA}.Release|Any CPU.ActiveCfg = Release|Any CPU
		{06DF6D13-BE5F-4FFB-B648-130982ECE3BA}.Release|Any CPU.Build.0 = Release|Any CPU
		{F3EF98C7-003D-4DB5-B364-7F1A279C0035}.Debug|Any CPU.ActiveCfg = Debug|Any CPU
		{F3EF98C7-003D-4DB5-B364-7F1A279C0035}.Debug|Any CPU.Build.0 = Debug|Any CPU
		{F3EF98C7-003D-4DB5-B364-7F1A279C0035}.Release|Any CPU.ActiveCfg = Release|Any CPU
		{F3EF98C7-003D-4DB5-B364-7F1A279C0035}.Release|Any CPU.Build.0 = Release|Any CPU
		{A49ADB6E-06FF-4B1C-A6A9-209741C9DCC8}.Debug|Any CPU.ActiveCfg = Debug|Any CPU
		{A49ADB6E-06FF-4B1C-A6A9-209741C9DCC8}.Debug|Any CPU.Build.0 = Debug|Any CPU
		{A49ADB6E-06FF-4B1C-A6A9-209741C9DCC8}.Release|Any CPU.ActiveCfg = Release|Any CPU
		{A49ADB6E-06FF-4B1C-A6A9-209741C9DCC8}.Release|Any CPU.Build.0 = Release|Any CPU
		{722ACEB6-BFED-48B1-8A1D-BD6DE56386DB}.Debug|Any CPU.ActiveCfg = Debug|Any CPU
		{722ACEB6-BFED-48B1-8A1D-BD6DE56386DB}.Debug|Any CPU.Build.0 = Debug|Any CPU
		{722ACEB6-BFED-48B1-8A1D-BD6DE56386DB}.Release|Any CPU.ActiveCfg = Release|Any CPU
		{722ACEB6-BFED-48B1-8A1D-BD6DE56386DB}.Release|Any CPU.Build.0 = Release|Any CPU
		{075E3085-93D1-42AE-830F-246A26085BFD}.Debug|Any CPU.ActiveCfg = Debug|Any CPU
		{075E3085-93D1-42AE-830F-246A26085BFD}.Debug|Any CPU.Build.0 = Debug|Any CPU
		{075E3085-93D1-42AE-830F-246A26085BFD}.Release|Any CPU.ActiveCfg = Release|Any CPU
		{075E3085-93D1-42AE-830F-246A26085BFD}.Release|Any CPU.Build.0 = Release|Any CPU
		{661CB33E-AC43-4EB3-96D3-1BFDBDD41DE6}.Debug|Any CPU.ActiveCfg = Debug|Any CPU
		{661CB33E-AC43-4EB3-96D3-1BFDBDD41DE6}.Debug|Any CPU.Build.0 = Debug|Any CPU
		{661CB33E-AC43-4EB3-96D3-1BFDBDD41DE6}.Release|Any CPU.ActiveCfg = Release|Any CPU
		{661CB33E-AC43-4EB3-96D3-1BFDBDD41DE6}.Release|Any CPU.Build.0 = Release|Any CPU
		{FBA66D88-4B8C-4DC7-9EFC-3C2BB848CA55}.Debug|Any CPU.ActiveCfg = Debug|Any CPU
		{FBA66D88-4B8C-4DC7-9EFC-3C2BB848CA55}.Debug|Any CPU.Build.0 = Debug|Any CPU
		{FBA66D88-4B8C-4DC7-9EFC-3C2BB848CA55}.Release|Any CPU.ActiveCfg = Release|Any CPU
		{FBA66D88-4B8C-4DC7-9EFC-3C2BB848CA55}.Release|Any CPU.Build.0 = Release|Any CPU
		{FE070AE8-91A8-4E78-9877-DFF28259161F}.Debug|Any CPU.ActiveCfg = Debug|Any CPU
		{FE070AE8-91A8-4E78-9877-DFF28259161F}.Debug|Any CPU.Build.0 = Debug|Any CPU
		{FE070AE8-91A8-4E78-9877-DFF28259161F}.Release|Any CPU.ActiveCfg = Release|Any CPU
		{FE070AE8-91A8-4E78-9877-DFF28259161F}.Release|Any CPU.Build.0 = Release|Any CPU
		{79B29D5F-B270-4495-AAE0-0F764B3FA348}.Debug|Any CPU.ActiveCfg = Debug|Any CPU
		{79B29D5F-B270-4495-AAE0-0F764B3FA348}.Debug|Any CPU.Build.0 = Debug|Any CPU
		{79B29D5F-B270-4495-AAE0-0F764B3FA348}.Release|Any CPU.ActiveCfg = Release|Any CPU
		{79B29D5F-B270-4495-AAE0-0F764B3FA348}.Release|Any CPU.Build.0 = Release|Any CPU
		{9726295E-C361-4C35-A392-BB401C3215A7}.Debug|Any CPU.ActiveCfg = Debug|Any CPU
		{9726295E-C361-4C35-A392-BB401C3215A7}.Debug|Any CPU.Build.0 = Debug|Any CPU
		{9726295E-C361-4C35-A392-BB401C3215A7}.Release|Any CPU.ActiveCfg = Release|Any CPU
		{9726295E-C361-4C35-A392-BB401C3215A7}.Release|Any CPU.Build.0 = Release|Any CPU
		{23E3BF92-9395-4AA2-800D-D030972AC546}.Debug|Any CPU.ActiveCfg = Debug|Any CPU
		{23E3BF92-9395-4AA2-800D-D030972AC546}.Debug|Any CPU.Build.0 = Debug|Any CPU
		{23E3BF92-9395-4AA2-800D-D030972AC546}.Release|Any CPU.ActiveCfg = Release|Any CPU
		{23E3BF92-9395-4AA2-800D-D030972AC546}.Release|Any CPU.Build.0 = Release|Any CPU
		{BDD54D07-FD79-435B-AB18-202B3B3FE789}.Debug|Any CPU.ActiveCfg = Debug|Any CPU
		{BDD54D07-FD79-435B-AB18-202B3B3FE789}.Debug|Any CPU.Build.0 = Debug|Any CPU
		{BDD54D07-FD79-435B-AB18-202B3B3FE789}.Release|Any CPU.ActiveCfg = Release|Any CPU
		{BDD54D07-FD79-435B-AB18-202B3B3FE789}.Release|Any CPU.Build.0 = Release|Any CPU
		{454FF15C-8002-4844-BBCB-A57E798E774A}.Debug|Any CPU.ActiveCfg = Debug|Any CPU
		{454FF15C-8002-4844-BBCB-A57E798E774A}.Debug|Any CPU.Build.0 = Debug|Any CPU
		{454FF15C-8002-4844-BBCB-A57E798E774A}.Release|Any CPU.ActiveCfg = Release|Any CPU
		{454FF15C-8002-4844-BBCB-A57E798E774A}.Release|Any CPU.Build.0 = Release|Any CPU
		{126F359C-3220-4551-848A-1899F39CD398}.Debug|Any CPU.ActiveCfg = Debug|Any CPU
		{126F359C-3220-4551-848A-1899F39CD398}.Debug|Any CPU.Build.0 = Debug|Any CPU
		{126F359C-3220-4551-848A-1899F39CD398}.Release|Any CPU.ActiveCfg = Release|Any CPU
		{126F359C-3220-4551-848A-1899F39CD398}.Release|Any CPU.Build.0 = Release|Any CPU
		{37675F44-3424-42B7-86D8-8558EBE6DCFF}.Debug|Any CPU.ActiveCfg = Debug|Any CPU
		{37675F44-3424-42B7-86D8-8558EBE6DCFF}.Debug|Any CPU.Build.0 = Debug|Any CPU
		{37675F44-3424-42B7-86D8-8558EBE6DCFF}.Release|Any CPU.ActiveCfg = Release|Any CPU
		{37675F44-3424-42B7-86D8-8558EBE6DCFF}.Release|Any CPU.Build.0 = Release|Any CPU
		{707A05C0-4366-43CC-AC4C-E519E006E38F}.Debug|Any CPU.ActiveCfg = Debug|Any CPU
		{707A05C0-4366-43CC-AC4C-E519E006E38F}.Debug|Any CPU.Build.0 = Debug|Any CPU
		{707A05C0-4366-43CC-AC4C-E519E006E38F}.Release|Any CPU.ActiveCfg = Release|Any CPU
		{707A05C0-4366-43CC-AC4C-E519E006E38F}.Release|Any CPU.Build.0 = Release|Any CPU
	EndGlobalSection
	GlobalSection(SolutionProperties) = preSolution
		HideSolutionNode = FALSE
	EndGlobalSection
	GlobalSection(NestedProjects) = preSolution
		{97216610-8206-452D-ABA6-34FE55FC3BB8} = {476A5B01-A91F-43CA-AD64-DF32DD81D6C8}
		{71A1A5A9-0AC8-4475-BED2-20020E8D2663} = {476A5B01-A91F-43CA-AD64-DF32DD81D6C8}
		{36556AA0-92AF-414F-853B-C8D6340A850F} = {6C8F4F13-710C-4CC2-9368-701464C722AE}
		{4D95D509-AADF-4F85-ABFF-07E6643F04BC} = {36556AA0-92AF-414F-853B-C8D6340A850F}
		{06DF6D13-BE5F-4FFB-B648-130982ECE3BA} = {49D893B0-9A42-48E7-8226-D29574758CF1}
		{F3EF98C7-003D-4DB5-B364-7F1A279C0035} = {49D893B0-9A42-48E7-8226-D29574758CF1}
		{A49ADB6E-06FF-4B1C-A6A9-209741C9DCC8} = {7E51CE35-ABAF-44C7-9F19-59B356F9BB84}
		{49D893B0-9A42-48E7-8226-D29574758CF1} = {6C8F4F13-710C-4CC2-9368-701464C722AE}
		{722ACEB6-BFED-48B1-8A1D-BD6DE56386DB} = {0A2B4C99-5AC5-4058-9019-6F7E507BA5FD}
		{F0BEBF4D-5FCA-4D95-AE8D-61EFCD5F6BED} = {0A2B4C99-5AC5-4058-9019-6F7E507BA5FD}
		{075E3085-93D1-42AE-830F-246A26085BFD} = {F0BEBF4D-5FCA-4D95-AE8D-61EFCD5F6BED}
		{661CB33E-AC43-4EB3-96D3-1BFDBDD41DE6} = {F0BEBF4D-5FCA-4D95-AE8D-61EFCD5F6BED}
		{FBA66D88-4B8C-4DC7-9EFC-3C2BB848CA55} = {BFC02466-9ECA-4091-BCAA-D9423D0F4E1F}
		{5B6E19CC-1B70-4280-B0C5-E26990D6C0C7} = {BFC02466-9ECA-4091-BCAA-D9423D0F4E1F}
		{FE070AE8-91A8-4E78-9877-DFF28259161F} = {5B6E19CC-1B70-4280-B0C5-E26990D6C0C7}
		{79B29D5F-B270-4495-AAE0-0F764B3FA348} = {5B6E19CC-1B70-4280-B0C5-E26990D6C0C7}
		{4069B064-DD5C-4037-998C-15AD80A64CF5} = {DEC10110-CEDD-4E59-B61E-2C57ED0C8A3F}
		{9726295E-C361-4C35-A392-BB401C3215A7} = {4069B064-DD5C-4037-998C-15AD80A64CF5}
		{23E3BF92-9395-4AA2-800D-D030972AC546} = {4069B064-DD5C-4037-998C-15AD80A64CF5}
		{BDD54D07-FD79-435B-AB18-202B3B3FE789} = {4069B064-DD5C-4037-998C-15AD80A64CF5}
		{454FF15C-8002-4844-BBCB-A57E798E774A} = {4069B064-DD5C-4037-998C-15AD80A64CF5}
		{126F359C-3220-4551-848A-1899F39CD398} = {D418038F-0C62-44B7-868E-61C2C381AEAC}
		{2774D0FA-4EFF-4950-95A4-929E0E6F8361} = {D418038F-0C62-44B7-868E-61C2C381AEAC}
		{37675F44-3424-42B7-86D8-8558EBE6DCFF} = {2774D0FA-4EFF-4950-95A4-929E0E6F8361}
		{707A05C0-4366-43CC-AC4C-E519E006E38F} = {2774D0FA-4EFF-4950-95A4-929E0E6F8361}
	EndGlobalSection
	GlobalSection(ExtensibilityGlobals) = postSolution
		SolutionGuid = {89C8FAB2-77A3-4149-9460-FF19A053A8BB}
	EndGlobalSection
EndGlobal
