
Microsoft Visual Studio Solution File, Format Version 12.00
# Visual Studio Version 17
VisualStudioVersion = 17.9.34607.119
MinimumVisualStudioVersion = 10.0.40219.1
Project("{2150E333-8FDC-42A3-9474-1A3956D46DE8}") = "Chapter01", "Chapter01", "{476A5B01-A91F-43CA-AD64-DF32DD81D6C8}"
EndProject
Project("{FAE04EC0-301F-11D3-BF4B-00C04F79EFBC}") = "ProductSample", "Chapter01\ProductSample\ProductSample.csproj", "{97216610-8206-452D-ABA6-34FE55FC3BB8}"
EndProject
Project("{FAE04EC0-301F-11D3-BF4B-00C04F79EFBC}") = "Sample_p38", "Chapter01\Sample_P38\Sample_p38.csproj", "{71A1A5A9-0AC8-4475-BED2-20020E8D2663}"
EndProject
Project("{2150E333-8FDC-42A3-9474-1A3956D46DE8}") = "Chapter02", "Chapter02", "{6C8F4F13-710C-4CC2-9368-701464C722AE}"
EndProject
Project("{2150E333-8FDC-42A3-9474-1A3956D46DE8}") = "距離換算プログラム", "距離換算プログラム", "{36556AA0-92AF-414F-853B-C8D6340A850F}"
EndProject
Project("{FAE04EC0-301F-11D3-BF4B-00C04F79EFBC}") = "DistanceConverter", "Chapter02\DistanceConverter\DistanceConverter.csproj", "{4D95D509-AADF-4F85-ABFF-07E6643F04BC}"
EndProject
Project("{FAE04EC0-301F-11D3-BF4B-00C04F79EFBC}") = "Exercise1", "Chapter02\演習問題\Exercise1\Exercise1.csproj", "{06DF6D13-BE5F-4FFB-B648-130982ECE3BA}"
EndProject
Project("{FAE04EC0-301F-11D3-BF4B-00C04F79EFBC}") = "Exercise2", "Chapter02\演習問題\Exercise2\Exercise2.csproj", "{F3EF98C7-003D-4DB5-B364-7F1A279C0035}"
EndProject
Project("{2150E333-8FDC-42A3-9474-1A3956D46DE8}") = "FormApps", "FormApps", "{7E51CE35-ABAF-44C7-9F19-59B356F9BB84}"
EndProject
Project("{9A19103F-16F7-4668-BE54-9A1E7A4F7556}") = "BallApp", "FormApps\BallApp\BallApp.csproj", "{A49ADB6E-06FF-4B1C-A6A9-209741C9DCC8}"
EndProject
Project("{2150E333-8FDC-42A3-9474-1A3956D46DE8}") = "演習問題", "演習問題", "{49D893B0-9A42-48E7-8226-D29574758CF1}"
EndProject
Project("{2150E333-8FDC-42A3-9474-1A3956D46DE8}") = "Chapter03", "Chapter03", "{0A2B4C99-5AC5-4058-9019-6F7E507BA5FD}"
EndProject
Project("{FAE04EC0-301F-11D3-BF4B-00C04F79EFBC}") = "Section01", "Chapter03\Section01\Section01.csproj", "{722ACEB6-BFED-48B1-8A1D-BD6DE56386DB}"
EndProject
Project("{2150E333-8FDC-42A3-9474-1A3956D46DE8}") = "演習問題", "演習問題", "{F0BEBF4D-5FCA-4D95-AE8D-61EFCD5F6BED}"
EndProject
Project("{FAE04EC0-301F-11D3-BF4B-00C04F79EFBC}") = "Exercise01", "Chapter03\演習問題\Exercise01\Exercise01.csproj", "{075E3085-93D1-42AE-830F-246A26085BFD}"
EndProject
Project("{FAE04EC0-301F-11D3-BF4B-00C04F79EFBC}") = "Exercise02", "Chapter03\演習問題\Exercise02\Exercise02.csproj", "{661CB33E-AC43-4EB3-96D3-1BFDBDD41DE6}"
EndProject
Project("{2150E333-8FDC-42A3-9474-1A3956D46DE8}") = "Chapter04", "Chapter04", "{BFC02466-9ECA-4091-BCAA-D9423D0F4E1F}"
EndProject
Project("{FAE04EC0-301F-11D3-BF4B-00C04F79EFBC}") = "Section01", "Chapter04\Section01\Section01.csproj", "{FBA66D88-4B8C-4DC7-9EFC-3C2BB848CA55}"
EndProject
Project("{2150E333-8FDC-42A3-9474-1A3956D46DE8}") = "演習問題", "演習問題", "{5B6E19CC-1B70-4280-B0C5-E26990D6C0C7}"
EndProject
Project("{FAE04EC0-301F-11D3-BF4B-00C04F79EFBC}") = "Exercise01", "Chapter04\演習問題\Exercise01\Exercise01.csproj", "{FE070AE8-91A8-4E78-9877-DFF28259161F}"
EndProject
Project("{FAE04EC0-301F-11D3-BF4B-00C04F79EFBC}") = "Exercise02", "Chapter04\演習問題\Exercise02\Exercise02.csproj", "{79B29D5F-B270-4495-AAE0-0F764B3FA348}"
EndProject
Project("{2150E333-8FDC-42A3-9474-1A3956D46DE8}") = "Chapter05", "Chapter05", "{DEC10110-CEDD-4E59-B61E-2C57ED0C8A3F}"
EndProject
Project("{2150E333-8FDC-42A3-9474-1A3956D46DE8}") = "演習問題", "演習問題", "{4069B064-DD5C-4037-998C-15AD80A64CF5}"
EndProject
Project("{FAE04EC0-301F-11D3-BF4B-00C04F79EFBC}") = "Exercise01", "Chapter05\演習問題\Exercise01\Exercise01.csproj", "{9726295E-C361-4C35-A392-BB401C3215A7}"
EndProject
Project("{FAE04EC0-301F-11D3-BF4B-00C04F79EFBC}") = "Exercise02", "Chapter05\演習問題\Exercise02\Exercise02.csproj", "{23E3BF92-9395-4AA2-800D-D030972AC546}"
EndProject
Project("{FAE04EC0-301F-11D3-BF4B-00C04F79EFBC}") = "Exercise03", "Chapter05\演習問題\Exercise03\Exercise03.csproj", "{BDD54D07-FD79-435B-AB18-202B3B3FE789}"
EndProject
Project("{FAE04EC0-301F-11D3-BF4B-00C04F79EFBC}") = "Exercise04", "Chapter05\演習問題\Exercise04\Exercise04\Exercise04.csproj", "{454FF15C-8002-4844-BBCB-A57E798E774A}"
EndProject
Project("{2150E333-8FDC-42A3-9474-1A3956D46DE8}") = "Chapter06", "Chapter06", "{D418038F-0C62-44B7-868E-61C2C381AEAC}"
EndProject
Project("{FAE04EC0-301F-11D3-BF4B-00C04F79EFBC}") = "section01", "Chapter06\section01\section01.csproj", "{126F359C-3220-4551-848A-1899F39CD398}"
EndProject
Project("{2150E333-8FDC-42A3-9474-1A3956D46DE8}") = "演習問題", "演習問題", "{2774D0FA-4EFF-4950-95A4-929E0E6F8361}"
EndProject
Project("{FAE04EC0-301F-11D3-BF4B-00C04F79EFBC}") = "Exercise01", "Chapter06\演習問題\Exercise01\Exercise01.csproj", "{37675F44-3424-42B7-86D8-8558EBE6DCFF}"
EndProject
Project("{FAE04EC0-301F-11D3-BF4B-00C04F79EFBC}") = "Exercise02", "Chapter06\演習問題\Exercise02\Exercise02.csproj", "{707A05C0-4366-43CC-AC4C-E519E006E38F}"
EndProject
Project("{2150E333-8FDC-42A3-9474-1A3956D46DE8}") = "Chapter07", "Chapter07", "{335DD265-87C6-4C44-9566-4FA987DE58C5}"
EndProject
Project("{FAE04EC0-301F-11D3-BF4B-00C04F79EFBC}") = "Section01", "Chapter07\Section01\Section01.csproj", "{D12AAA8E-DE9D-4CB5-A943-EC2E60518340}"
EndProject
Project("{FAE04EC0-301F-11D3-BF4B-00C04F79EFBC}") = "SalesCounter", "..\35159UchidaHaruto\OOP2024\Chapter02\SalesCounter\SalesCounter.csproj", "{449B1701-B4D2-4912-BE59-838A4C319936}"
EndProject
Project("{2150E333-8FDC-42A3-9474-1A3956D46DE8}") = "売上集計プログラム", "売上集計プログラム", "{B3B3D838-B40A-4458-9CD4-C74262902D3A}"
EndProject
Project("{FAE04EC0-301F-11D3-BF4B-00C04F79EFBC}") = "Section02", "Chapter07\Section02\Section02.csproj", "{0ED8884C-1D69-4433-988A-B01418E499E2}"
EndProject
Project("{2150E333-8FDC-42A3-9474-1A3956D46DE8}") = "Test2406", "Test2406", "{6F9DB483-0DDC-4A7A-B666-36FA3EEEC655}"
EndProject
Project("{FAE04EC0-301F-11D3-BF4B-00C04F79EFBC}") = "Test01", "TestProject\Test01\Test01.csproj", "{2BFACDC3-F44D-4199-8498-F5C3C4AC0335}"
EndProject
Project("{FAE04EC0-301F-11D3-BF4B-00C04F79EFBC}") = "Test02", "TestProject\Test02\Test02.csproj", "{E461C0A8-8900-485C-B520-E929BA33F712}"
EndProject
Project("{FAE04EC0-301F-11D3-BF4B-00C04F79EFBC}") = "Section03", "Chapter07\Section03\Section03.csproj", "{01694260-4781-4ECA-B349-1C9B99363FB1}"
EndProject
Project("{FAE04EC0-301F-11D3-BF4B-00C04F79EFBC}") = "Section04", "Chapter07\Section04\Section04.csproj", "{31B71D12-CC5C-4C5F-995C-B35248845268}"
EndProject
Project("{2150E333-8FDC-42A3-9474-1A3956D46DE8}") = "Chapter08", "Chapter08", "{D7BFD2D6-AB8B-44E8-A02D-55D45D8B552B}"
EndProject
Project("{FAE04EC0-301F-11D3-BF4B-00C04F79EFBC}") = "Section01", "Chapter08\Section01\Section01.csproj", "{DAD99CD2-77A4-4004-A6D8-205090621CFA}"
EndProject
Project("{9A19103F-16F7-4668-BE54-9A1E7A4F7556}") = "DateTimeApp", "FormApps\DateTimeApp\DateTimeApp.csproj", "{4CE35E6F-1D2D-45B6-91CF-9D6671306E0A}"
EndProject
Project("{2150E333-8FDC-42A3-9474-1A3956D46DE8}") = "演習問題", "演習問題", "{82E24609-8B4A-4583-8A78-8C7033D79FAF}"
EndProject
Project("{9A19103F-16F7-4668-BE54-9A1E7A4F7556}") = "Exercise01", "Chapter08\演習問題\Exercise01\Exercise01.csproj", "{276281C4-AEBB-48D9-BE1F-BD9D150090C6}"
EndProject
Project("{9A19103F-16F7-4668-BE54-9A1E7A4F7556}") = "CarReportSystem", "FormApps\CarReportSystem\CarReportSystem.csproj", "{C57EE34B-AA90-4081-891C-8233CD615711}"
EndProject
Project("{2150E333-8FDC-42A3-9474-1A3956D46DE8}") = "Chapter11", "Chapter11", "{B3CC376E-0C85-4B3D-900F-F36FE5D1B6D8}"
EndProject
Project("{FAE04EC0-301F-11D3-BF4B-00C04F79EFBC}") = "Section01", "Chapter11\Section01\Section01.csproj", "{F33665D7-03B3-4C6A-ABEA-A9C906B7719E}"
EndProject
Project("{2150E333-8FDC-42A3-9474-1A3956D46DE8}") = "演習問題", "演習問題", "{595C0845-E997-4F09-B89F-C9ACBFFED462}"
EndProject
Project("{FAE04EC0-301F-11D3-BF4B-00C04F79EFBC}") = "Exercise01", "Chapter11\演習問題\Exercise01\Exercise01.csproj", "{1B9066DC-CB6B-4A02-A365-6ED6592ABC11}"
EndProject
Project("{FAE04EC0-301F-11D3-BF4B-00C04F79EFBC}") = "Section02", "Chapter11\Section02\Section02.csproj", "{DF936FAD-56CD-4836-B745-03285DE2E721}"
EndProject
Project("{2150E333-8FDC-42A3-9474-1A3956D46DE8}") = "Chapter12", "Chapter12", "{36BDFEA5-E92F-4DF8-ADF1-E51774D70097}"
EndProject
Project("{FAE04EC0-301F-11D3-BF4B-00C04F79EFBC}") = "Section01", "Chapter12\Section01\Section01.csproj", "{0703A35E-57C7-48B5-91E0-463960D30902}"
EndProject
Project("{2150E333-8FDC-42A3-9474-1A3956D46DE8}") = "演習問題", "演習問題", "{353EDCB5-0AD1-4CFB-9AED-149A978BA399}"
EndProject
Project("{FAE04EC0-301F-11D3-BF4B-00C04F79EFBC}") = "Exercise01", "Chapter12\演習問題\Exercise01\Exercise01.csproj", "{4D174C79-2A41-40ED-B425-4E7410088BB7}"
EndProject
Project("{FAE04EC0-301F-11D3-BF4B-00C04F79EFBC}") = "Settion02", "Chapter12\Settion02\Settion02.csproj", "{960E6CD5-261E-42B3-8CCF-0E1484ACEE54}"
EndProject
Project("{FAE04EC0-301F-11D3-BF4B-00C04F79EFBC}") = "RssReader", "FormApps\RssReader\RssReader.csproj", "{AC92B2CF-352F-4A22-96F3-CB619209B923}"
EndProject
Project("{2150E333-8FDC-42A3-9474-1A3956D46DE8}") = "Chapter13", "Chapter13", "{9DBDA434-B757-483E-8CAB-80619D3D12E8}"
EndProject
Project("{FAE04EC0-301F-11D3-BF4B-00C04F79EFBC}") = "SampleEntityFramework", "Chapter13\SampleEntityFramework\SampleEntityFramework.csproj", "{B730F924-064D-4EDE-821B-D1E12918EA25}"
EndProject
Project("{FAE04EC0-301F-11D3-BF4B-00C04F79EFBC}") = "ADOSample", "FormApps\ADOSample\ADOSample.csproj", "{CDCED4FF-A474-4077-AE0D-CFA76CB4AFB9}"
EndProject
Project("{2150E333-8FDC-42A3-9474-1A3956D46DE8}") = "Chapter15", "Chapter15", "{42F614ED-A13F-4523-B99C-0E8FAE8CB85B}"
EndProject
Project("{FAE04EC0-301F-11D3-BF4B-00C04F79EFBC}") = "Section01", "Chapter15\Section01\Section01.csproj", "{D37B29F9-82B4-4F48-9608-5C1FB2BCA77D}"
EndProject
Project("{2150E333-8FDC-42A3-9474-1A3956D46DE8}") = "演習問題", "演習問題", "{20C7B0DD-0E55-435F-89F9-7911E3C952DD}"
EndProject
Project("{FAE04EC0-301F-11D3-BF4B-00C04F79EFBC}") = "Exercise01", "Chapter15\演習問題\Exercise01\Exercise01.csproj", "{7CEA9D0D-4494-4FD3-92EA-C7129940D3CB}"
EndProject
Project("{2150E333-8FDC-42A3-9474-1A3956D46DE8}") = "Chapter16", "Chapter16", "{BEF3880B-83A1-4629-BFCD-9ED47037DD8A}"
EndProject
Project("{FAE04EC0-301F-11D3-BF4B-00C04F79EFBC}") = "Section03", "Chapter16\Section03\Section03.csproj", "{74303E83-8D0A-4876-9043-6D593EC480E1}"
EndProject
Project("{FAE04EC0-301F-11D3-BF4B-00C04F79EFBC}") = "Section04", "Chapter16\Section04\Section04.csproj", "{9570C34F-A115-49A1-88F5-1BC4C646D34A}"
EndProject
Project("{2150E333-8FDC-42A3-9474-1A3956D46DE8}") = "Chapter17", "Chapter17", "{3F876DF8-3701-4DDB-B2FD-225E56C08107}"
EndProject
Project("{FAE04EC0-301F-11D3-BF4B-00C04F79EFBC}") = "Section01", "Chapter17\Section01\Section01.csproj", "{BFF12819-F50D-4C76-9CA0-14AB57ED761A}"
EndProject
Project("{FAE04EC0-301F-11D3-BF4B-00C04F79EFBC}") = "Section02", "Chapter17\Section02\Section02.csproj", "{02ECC267-D3B6-40F0-BD4C-6CAB798EC992}"
EndProject
Project("{2150E333-8FDC-42A3-9474-1A3956D46DE8}") = "TemplateMethod", "TemplateMethod", "{D5EB3DF0-018A-4A45-B07F-E8711150C997}"
EndProject
Project("{FAE04EC0-301F-11D3-BF4B-00C04F79EFBC}") = "TextFileProcessor", "Chapter17\TemplateMethod\TextFileProcessor\TextFileProcessor.csproj", "{92FD46C9-5ED7-4EFE-8C4D-EBF24A359BF9}"
EndProject
Project("{FAE04EC0-301F-11D3-BF4B-00C04F79EFBC}") = "LineCounter", "Chapter17\TemplateMethod\LineCounter\LineCounter.csproj", "{792D12AF-9CC7-4698-AFD2-DBD81799FBF5}"
EndProject
Project("{2150E333-8FDC-42A3-9474-1A3956D46DE8}") = "演習問題", "演習問題", "{DCC19754-2634-4F89-BEB4-5D0718B77643}"
EndProject
Project("{FAE04EC0-301F-11D3-BF4B-00C04F79EFBC}") = "Exersice01", "Chapter17\演習問題\Exersice01\Exersice01.csproj", "{2ECCB61A-7BCA-4644-8A3E-8053F3DC7243}"
EndProject
Project("{2150E333-8FDC-42A3-9474-1A3956D46DE8}") = "Strategy", "Strategy", "{AA820982-8CAD-4D62-BEA1-B205DFC3F894}"
EndProject
Project("{FAE04EC0-301F-11D3-BF4B-00C04F79EFBC}") = "DistanceConverter", "Chapter17\Strategy\DistanceConverter\DistanceConverter.csproj", "{F8B49866-5BE7-45C8-881E-741AF0A5B59D}"
EndProject
Project("{FAE04EC0-301F-11D3-BF4B-00C04F79EFBC}") = "TextNumberSizeChange", "Chapter17\TemplateMethod\TextNumberSizeChange\TextNumberSizeChange.csproj", "{39578A5F-55F2-4D38-8BF5-B4EBEE5AF591}"
EndProject
Project("{2150E333-8FDC-42A3-9474-1A3956D46DE8}") = "WPF", "WPF", "{01131F7C-7C26-4145-AD72-40E6B723BB24}"
EndProject
Project("{FAE04EC0-301F-11D3-BF4B-00C04F79EFBC}") = "SampleApplication", "WPF\SampleApplication\SampleApplication.csproj", "{4E50E1A4-625D-49B1-B700-B7A3BEA4B489}"
EndProject
Project("{FAE04EC0-301F-11D3-BF4B-00C04F79EFBC}") = "GridSample", "WPF\GridSample\GridSample.csproj", "{A4A1E4D4-CAD2-40B3-BF09-E99D41C1AFF5}"
EndProject
Project("{FAE04EC0-301F-11D3-BF4B-00C04F79EFBC}") = "SampleSlider", "WPF\SampleSlider\SampleSlider.csproj", "{5C21BA75-A1FF-4597-B20E-48965ACA7329}"
EndProject
Global
	GlobalSection(SolutionConfigurationPlatforms) = preSolution
		Debug|Any CPU = Debug|Any CPU
		Release|Any CPU = Release|Any CPU
	EndGlobalSection
	GlobalSection(ProjectConfigurationPlatforms) = postSolution
		{97216610-8206-452D-ABA6-34FE55FC3BB8}.Debug|Any CPU.ActiveCfg = Debug|Any CPU
		{97216610-8206-452D-ABA6-34FE55FC3BB8}.Debug|Any CPU.Build.0 = Debug|Any CPU
		{97216610-8206-452D-ABA6-34FE55FC3BB8}.Release|Any CPU.ActiveCfg = Release|Any CPU
		{97216610-8206-452D-ABA6-34FE55FC3BB8}.Release|Any CPU.Build.0 = Release|Any CPU
		{71A1A5A9-0AC8-4475-BED2-20020E8D2663}.Debug|Any CPU.ActiveCfg = Debug|Any CPU
		{71A1A5A9-0AC8-4475-BED2-20020E8D2663}.Debug|Any CPU.Build.0 = Debug|Any CPU
		{71A1A5A9-0AC8-4475-BED2-20020E8D2663}.Release|Any CPU.ActiveCfg = Release|Any CPU
		{71A1A5A9-0AC8-4475-BED2-20020E8D2663}.Release|Any CPU.Build.0 = Release|Any CPU
		{4D95D509-AADF-4F85-ABFF-07E6643F04BC}.Debug|Any CPU.ActiveCfg = Debug|Any CPU
		{4D95D509-AADF-4F85-ABFF-07E6643F04BC}.Debug|Any CPU.Build.0 = Debug|Any CPU
		{4D95D509-AADF-4F85-ABFF-07E6643F04BC}.Release|Any CPU.ActiveCfg = Release|Any CPU
		{4D95D509-AADF-4F85-ABFF-07E6643F04BC}.Release|Any CPU.Build.0 = Release|Any CPU
		{06DF6D13-BE5F-4FFB-B648-130982ECE3BA}.Debug|Any CPU.ActiveCfg = Debug|Any CPU
		{06DF6D13-BE5F-4FFB-B648-130982ECE3BA}.Debug|Any CPU.Build.0 = Debug|Any CPU
		{06DF6D13-BE5F-4FFB-B648-130982ECE3BA}.Release|Any CPU.ActiveCfg = Release|Any CPU
		{06DF6D13-BE5F-4FFB-B648-130982ECE3BA}.Release|Any CPU.Build.0 = Release|Any CPU
		{F3EF98C7-003D-4DB5-B364-7F1A279C0035}.Debug|Any CPU.ActiveCfg = Debug|Any CPU
		{F3EF98C7-003D-4DB5-B364-7F1A279C0035}.Debug|Any CPU.Build.0 = Debug|Any CPU
		{F3EF98C7-003D-4DB5-B364-7F1A279C0035}.Release|Any CPU.ActiveCfg = Release|Any CPU
		{F3EF98C7-003D-4DB5-B364-7F1A279C0035}.Release|Any CPU.Build.0 = Release|Any CPU
		{A49ADB6E-06FF-4B1C-A6A9-209741C9DCC8}.Debug|Any CPU.ActiveCfg = Debug|Any CPU
		{A49ADB6E-06FF-4B1C-A6A9-209741C9DCC8}.Debug|Any CPU.Build.0 = Debug|Any CPU
		{A49ADB6E-06FF-4B1C-A6A9-209741C9DCC8}.Release|Any CPU.ActiveCfg = Release|Any CPU
		{A49ADB6E-06FF-4B1C-A6A9-209741C9DCC8}.Release|Any CPU.Build.0 = Release|Any CPU
		{722ACEB6-BFED-48B1-8A1D-BD6DE56386DB}.Debug|Any CPU.ActiveCfg = Debug|Any CPU
		{722ACEB6-BFED-48B1-8A1D-BD6DE56386DB}.Debug|Any CPU.Build.0 = Debug|Any CPU
		{722ACEB6-BFED-48B1-8A1D-BD6DE56386DB}.Release|Any CPU.ActiveCfg = Release|Any CPU
		{722ACEB6-BFED-48B1-8A1D-BD6DE56386DB}.Release|Any CPU.Build.0 = Release|Any CPU
		{075E3085-93D1-42AE-830F-246A26085BFD}.Debug|Any CPU.ActiveCfg = Debug|Any CPU
		{075E3085-93D1-42AE-830F-246A26085BFD}.Debug|Any CPU.Build.0 = Debug|Any CPU
		{075E3085-93D1-42AE-830F-246A26085BFD}.Release|Any CPU.ActiveCfg = Release|Any CPU
		{075E3085-93D1-42AE-830F-246A26085BFD}.Release|Any CPU.Build.0 = Release|Any CPU
		{661CB33E-AC43-4EB3-96D3-1BFDBDD41DE6}.Debug|Any CPU.ActiveCfg = Debug|Any CPU
		{661CB33E-AC43-4EB3-96D3-1BFDBDD41DE6}.Debug|Any CPU.Build.0 = Debug|Any CPU
		{661CB33E-AC43-4EB3-96D3-1BFDBDD41DE6}.Release|Any CPU.ActiveCfg = Release|Any CPU
		{661CB33E-AC43-4EB3-96D3-1BFDBDD41DE6}.Release|Any CPU.Build.0 = Release|Any CPU
		{FBA66D88-4B8C-4DC7-9EFC-3C2BB848CA55}.Debug|Any CPU.ActiveCfg = Debug|Any CPU
		{FBA66D88-4B8C-4DC7-9EFC-3C2BB848CA55}.Debug|Any CPU.Build.0 = Debug|Any CPU
		{FBA66D88-4B8C-4DC7-9EFC-3C2BB848CA55}.Release|Any CPU.ActiveCfg = Release|Any CPU
		{FBA66D88-4B8C-4DC7-9EFC-3C2BB848CA55}.Release|Any CPU.Build.0 = Release|Any CPU
		{FE070AE8-91A8-4E78-9877-DFF28259161F}.Debug|Any CPU.ActiveCfg = Debug|Any CPU
		{FE070AE8-91A8-4E78-9877-DFF28259161F}.Debug|Any CPU.Build.0 = Debug|Any CPU
		{FE070AE8-91A8-4E78-9877-DFF28259161F}.Release|Any CPU.ActiveCfg = Release|Any CPU
		{FE070AE8-91A8-4E78-9877-DFF28259161F}.Release|Any CPU.Build.0 = Release|Any CPU
		{79B29D5F-B270-4495-AAE0-0F764B3FA348}.Debug|Any CPU.ActiveCfg = Debug|Any CPU
		{79B29D5F-B270-4495-AAE0-0F764B3FA348}.Debug|Any CPU.Build.0 = Debug|Any CPU
		{79B29D5F-B270-4495-AAE0-0F764B3FA348}.Release|Any CPU.ActiveCfg = Release|Any CPU
		{79B29D5F-B270-4495-AAE0-0F764B3FA348}.Release|Any CPU.Build.0 = Release|Any CPU
		{9726295E-C361-4C35-A392-BB401C3215A7}.Debug|Any CPU.ActiveCfg = Debug|Any CPU
		{9726295E-C361-4C35-A392-BB401C3215A7}.Debug|Any CPU.Build.0 = Debug|Any CPU
		{9726295E-C361-4C35-A392-BB401C3215A7}.Release|Any CPU.ActiveCfg = Release|Any CPU
		{9726295E-C361-4C35-A392-BB401C3215A7}.Release|Any CPU.Build.0 = Release|Any CPU
		{23E3BF92-9395-4AA2-800D-D030972AC546}.Debug|Any CPU.ActiveCfg = Debug|Any CPU
		{23E3BF92-9395-4AA2-800D-D030972AC546}.Debug|Any CPU.Build.0 = Debug|Any CPU
		{23E3BF92-9395-4AA2-800D-D030972AC546}.Release|Any CPU.ActiveCfg = Release|Any CPU
		{23E3BF92-9395-4AA2-800D-D030972AC546}.Release|Any CPU.Build.0 = Release|Any CPU
		{BDD54D07-FD79-435B-AB18-202B3B3FE789}.Debug|Any CPU.ActiveCfg = Debug|Any CPU
		{BDD54D07-FD79-435B-AB18-202B3B3FE789}.Debug|Any CPU.Build.0 = Debug|Any CPU
		{BDD54D07-FD79-435B-AB18-202B3B3FE789}.Release|Any CPU.ActiveCfg = Release|Any CPU
		{BDD54D07-FD79-435B-AB18-202B3B3FE789}.Release|Any CPU.Build.0 = Release|Any CPU
		{454FF15C-8002-4844-BBCB-A57E798E774A}.Debug|Any CPU.ActiveCfg = Debug|Any CPU
		{454FF15C-8002-4844-BBCB-A57E798E774A}.Debug|Any CPU.Build.0 = Debug|Any CPU
		{454FF15C-8002-4844-BBCB-A57E798E774A}.Release|Any CPU.ActiveCfg = Release|Any CPU
		{454FF15C-8002-4844-BBCB-A57E798E774A}.Release|Any CPU.Build.0 = Release|Any CPU
		{126F359C-3220-4551-848A-1899F39CD398}.Debug|Any CPU.ActiveCfg = Debug|Any CPU
		{126F359C-3220-4551-848A-1899F39CD398}.Debug|Any CPU.Build.0 = Debug|Any CPU
		{126F359C-3220-4551-848A-1899F39CD398}.Release|Any CPU.ActiveCfg = Release|Any CPU
		{126F359C-3220-4551-848A-1899F39CD398}.Release|Any CPU.Build.0 = Release|Any CPU
		{37675F44-3424-42B7-86D8-8558EBE6DCFF}.Debug|Any CPU.ActiveCfg = Debug|Any CPU
		{37675F44-3424-42B7-86D8-8558EBE6DCFF}.Debug|Any CPU.Build.0 = Debug|Any CPU
		{37675F44-3424-42B7-86D8-8558EBE6DCFF}.Release|Any CPU.ActiveCfg = Release|Any CPU
		{37675F44-3424-42B7-86D8-8558EBE6DCFF}.Release|Any CPU.Build.0 = Release|Any CPU
		{707A05C0-4366-43CC-AC4C-E519E006E38F}.Debug|Any CPU.ActiveCfg = Debug|Any CPU
		{707A05C0-4366-43CC-AC4C-E519E006E38F}.Debug|Any CPU.Build.0 = Debug|Any CPU
		{707A05C0-4366-43CC-AC4C-E519E006E38F}.Release|Any CPU.ActiveCfg = Release|Any CPU
		{707A05C0-4366-43CC-AC4C-E519E006E38F}.Release|Any CPU.Build.0 = Release|Any CPU
		{D12AAA8E-DE9D-4CB5-A943-EC2E60518340}.Debug|Any CPU.ActiveCfg = Debug|Any CPU
		{D12AAA8E-DE9D-4CB5-A943-EC2E60518340}.Debug|Any CPU.Build.0 = Debug|Any CPU
		{D12AAA8E-DE9D-4CB5-A943-EC2E60518340}.Release|Any CPU.ActiveCfg = Release|Any CPU
		{D12AAA8E-DE9D-4CB5-A943-EC2E60518340}.Release|Any CPU.Build.0 = Release|Any CPU
		{449B1701-B4D2-4912-BE59-838A4C319936}.Debug|Any CPU.ActiveCfg = Debug|Any CPU
		{449B1701-B4D2-4912-BE59-838A4C319936}.Debug|Any CPU.Build.0 = Debug|Any CPU
		{449B1701-B4D2-4912-BE59-838A4C319936}.Release|Any CPU.ActiveCfg = Release|Any CPU
		{449B1701-B4D2-4912-BE59-838A4C319936}.Release|Any CPU.Build.0 = Release|Any CPU
		{0ED8884C-1D69-4433-988A-B01418E499E2}.Debug|Any CPU.ActiveCfg = Debug|Any CPU
		{0ED8884C-1D69-4433-988A-B01418E499E2}.Debug|Any CPU.Build.0 = Debug|Any CPU
		{0ED8884C-1D69-4433-988A-B01418E499E2}.Release|Any CPU.ActiveCfg = Release|Any CPU
		{0ED8884C-1D69-4433-988A-B01418E499E2}.Release|Any CPU.Build.0 = Release|Any CPU
		{2BFACDC3-F44D-4199-8498-F5C3C4AC0335}.Debug|Any CPU.ActiveCfg = Debug|Any CPU
		{2BFACDC3-F44D-4199-8498-F5C3C4AC0335}.Debug|Any CPU.Build.0 = Debug|Any CPU
		{2BFACDC3-F44D-4199-8498-F5C3C4AC0335}.Release|Any CPU.ActiveCfg = Release|Any CPU
		{2BFACDC3-F44D-4199-8498-F5C3C4AC0335}.Release|Any CPU.Build.0 = Release|Any CPU
		{E461C0A8-8900-485C-B520-E929BA33F712}.Debug|Any CPU.ActiveCfg = Debug|Any CPU
		{E461C0A8-8900-485C-B520-E929BA33F712}.Debug|Any CPU.Build.0 = Debug|Any CPU
		{E461C0A8-8900-485C-B520-E929BA33F712}.Release|Any CPU.ActiveCfg = Release|Any CPU
		{E461C0A8-8900-485C-B520-E929BA33F712}.Release|Any CPU.Build.0 = Release|Any CPU
		{01694260-4781-4ECA-B349-1C9B99363FB1}.Debug|Any CPU.ActiveCfg = Debug|Any CPU
		{01694260-4781-4ECA-B349-1C9B99363FB1}.Debug|Any CPU.Build.0 = Debug|Any CPU
		{01694260-4781-4ECA-B349-1C9B99363FB1}.Release|Any CPU.ActiveCfg = Release|Any CPU
		{01694260-4781-4ECA-B349-1C9B99363FB1}.Release|Any CPU.Build.0 = Release|Any CPU
		{31B71D12-CC5C-4C5F-995C-B35248845268}.Debug|Any CPU.ActiveCfg = Debug|Any CPU
		{31B71D12-CC5C-4C5F-995C-B35248845268}.Debug|Any CPU.Build.0 = Debug|Any CPU
		{31B71D12-CC5C-4C5F-995C-B35248845268}.Release|Any CPU.ActiveCfg = Release|Any CPU
		{31B71D12-CC5C-4C5F-995C-B35248845268}.Release|Any CPU.Build.0 = Release|Any CPU
		{DAD99CD2-77A4-4004-A6D8-205090621CFA}.Debug|Any CPU.ActiveCfg = Debug|Any CPU
		{DAD99CD2-77A4-4004-A6D8-205090621CFA}.Debug|Any CPU.Build.0 = Debug|Any CPU
		{DAD99CD2-77A4-4004-A6D8-205090621CFA}.Release|Any CPU.ActiveCfg = Release|Any CPU
		{DAD99CD2-77A4-4004-A6D8-205090621CFA}.Release|Any CPU.Build.0 = Release|Any CPU
		{4CE35E6F-1D2D-45B6-91CF-9D6671306E0A}.Debug|Any CPU.ActiveCfg = Debug|Any CPU
		{4CE35E6F-1D2D-45B6-91CF-9D6671306E0A}.Debug|Any CPU.Build.0 = Debug|Any CPU
		{4CE35E6F-1D2D-45B6-91CF-9D6671306E0A}.Release|Any CPU.ActiveCfg = Release|Any CPU
		{4CE35E6F-1D2D-45B6-91CF-9D6671306E0A}.Release|Any CPU.Build.0 = Release|Any CPU
		{276281C4-AEBB-48D9-BE1F-BD9D150090C6}.Debug|Any CPU.ActiveCfg = Debug|Any CPU
		{276281C4-AEBB-48D9-BE1F-BD9D150090C6}.Debug|Any CPU.Build.0 = Debug|Any CPU
		{276281C4-AEBB-48D9-BE1F-BD9D150090C6}.Release|Any CPU.ActiveCfg = Release|Any CPU
		{276281C4-AEBB-48D9-BE1F-BD9D150090C6}.Release|Any CPU.Build.0 = Release|Any CPU
		{C57EE34B-AA90-4081-891C-8233CD615711}.Debug|Any CPU.ActiveCfg = Debug|Any CPU
		{C57EE34B-AA90-4081-891C-8233CD615711}.Debug|Any CPU.Build.0 = Debug|Any CPU
		{C57EE34B-AA90-4081-891C-8233CD615711}.Release|Any CPU.ActiveCfg = Release|Any CPU
		{C57EE34B-AA90-4081-891C-8233CD615711}.Release|Any CPU.Build.0 = Release|Any CPU
		{F33665D7-03B3-4C6A-ABEA-A9C906B7719E}.Debug|Any CPU.ActiveCfg = Debug|Any CPU
		{F33665D7-03B3-4C6A-ABEA-A9C906B7719E}.Debug|Any CPU.Build.0 = Debug|Any CPU
		{F33665D7-03B3-4C6A-ABEA-A9C906B7719E}.Release|Any CPU.ActiveCfg = Release|Any CPU
		{F33665D7-03B3-4C6A-ABEA-A9C906B7719E}.Release|Any CPU.Build.0 = Release|Any CPU
		{1B9066DC-CB6B-4A02-A365-6ED6592ABC11}.Debug|Any CPU.ActiveCfg = Debug|Any CPU
		{1B9066DC-CB6B-4A02-A365-6ED6592ABC11}.Debug|Any CPU.Build.0 = Debug|Any CPU
		{1B9066DC-CB6B-4A02-A365-6ED6592ABC11}.Release|Any CPU.ActiveCfg = Release|Any CPU
		{1B9066DC-CB6B-4A02-A365-6ED6592ABC11}.Release|Any CPU.Build.0 = Release|Any CPU
		{DF936FAD-56CD-4836-B745-03285DE2E721}.Debug|Any CPU.ActiveCfg = Debug|Any CPU
		{DF936FAD-56CD-4836-B745-03285DE2E721}.Debug|Any CPU.Build.0 = Debug|Any CPU
		{DF936FAD-56CD-4836-B745-03285DE2E721}.Release|Any CPU.ActiveCfg = Release|Any CPU
		{DF936FAD-56CD-4836-B745-03285DE2E721}.Release|Any CPU.Build.0 = Release|Any CPU
		{0703A35E-57C7-48B5-91E0-463960D30902}.Debug|Any CPU.ActiveCfg = Debug|Any CPU
		{0703A35E-57C7-48B5-91E0-463960D30902}.Debug|Any CPU.Build.0 = Debug|Any CPU
		{0703A35E-57C7-48B5-91E0-463960D30902}.Release|Any CPU.ActiveCfg = Release|Any CPU
		{0703A35E-57C7-48B5-91E0-463960D30902}.Release|Any CPU.Build.0 = Release|Any CPU
		{4D174C79-2A41-40ED-B425-4E7410088BB7}.Debug|Any CPU.ActiveCfg = Debug|Any CPU
		{4D174C79-2A41-40ED-B425-4E7410088BB7}.Debug|Any CPU.Build.0 = Debug|Any CPU
		{4D174C79-2A41-40ED-B425-4E7410088BB7}.Release|Any CPU.ActiveCfg = Release|Any CPU
		{4D174C79-2A41-40ED-B425-4E7410088BB7}.Release|Any CPU.Build.0 = Release|Any CPU
		{960E6CD5-261E-42B3-8CCF-0E1484ACEE54}.Debug|Any CPU.ActiveCfg = Debug|Any CPU
		{960E6CD5-261E-42B3-8CCF-0E1484ACEE54}.Debug|Any CPU.Build.0 = Debug|Any CPU
		{960E6CD5-261E-42B3-8CCF-0E1484ACEE54}.Release|Any CPU.ActiveCfg = Release|Any CPU
		{960E6CD5-261E-42B3-8CCF-0E1484ACEE54}.Release|Any CPU.Build.0 = Release|Any CPU
		{AC92B2CF-352F-4A22-96F3-CB619209B923}.Debug|Any CPU.ActiveCfg = Debug|Any CPU
		{AC92B2CF-352F-4A22-96F3-CB619209B923}.Debug|Any CPU.Build.0 = Debug|Any CPU
		{AC92B2CF-352F-4A22-96F3-CB619209B923}.Release|Any CPU.ActiveCfg = Release|Any CPU
		{AC92B2CF-352F-4A22-96F3-CB619209B923}.Release|Any CPU.Build.0 = Release|Any CPU
		{B730F924-064D-4EDE-821B-D1E12918EA25}.Debug|Any CPU.ActiveCfg = Debug|Any CPU
		{B730F924-064D-4EDE-821B-D1E12918EA25}.Debug|Any CPU.Build.0 = Debug|Any CPU
		{B730F924-064D-4EDE-821B-D1E12918EA25}.Release|Any CPU.ActiveCfg = Release|Any CPU
		{B730F924-064D-4EDE-821B-D1E12918EA25}.Release|Any CPU.Build.0 = Release|Any CPU
		{CDCED4FF-A474-4077-AE0D-CFA76CB4AFB9}.Debug|Any CPU.ActiveCfg = Debug|Any CPU
		{CDCED4FF-A474-4077-AE0D-CFA76CB4AFB9}.Debug|Any CPU.Build.0 = Debug|Any CPU
		{CDCED4FF-A474-4077-AE0D-CFA76CB4AFB9}.Release|Any CPU.ActiveCfg = Release|Any CPU
		{CDCED4FF-A474-4077-AE0D-CFA76CB4AFB9}.Release|Any CPU.Build.0 = Release|Any CPU
		{D37B29F9-82B4-4F48-9608-5C1FB2BCA77D}.Debug|Any CPU.ActiveCfg = Debug|Any CPU
		{D37B29F9-82B4-4F48-9608-5C1FB2BCA77D}.Debug|Any CPU.Build.0 = Debug|Any CPU
		{D37B29F9-82B4-4F48-9608-5C1FB2BCA77D}.Release|Any CPU.ActiveCfg = Release|Any CPU
		{D37B29F9-82B4-4F48-9608-5C1FB2BCA77D}.Release|Any CPU.Build.0 = Release|Any CPU
		{7CEA9D0D-4494-4FD3-92EA-C7129940D3CB}.Debug|Any CPU.ActiveCfg = Debug|Any CPU
		{7CEA9D0D-4494-4FD3-92EA-C7129940D3CB}.Debug|Any CPU.Build.0 = Debug|Any CPU
		{7CEA9D0D-4494-4FD3-92EA-C7129940D3CB}.Release|Any CPU.ActiveCfg = Release|Any CPU
		{7CEA9D0D-4494-4FD3-92EA-C7129940D3CB}.Release|Any CPU.Build.0 = Release|Any CPU
		{74303E83-8D0A-4876-9043-6D593EC480E1}.Debug|Any CPU.ActiveCfg = Debug|Any CPU
		{74303E83-8D0A-4876-9043-6D593EC480E1}.Debug|Any CPU.Build.0 = Debug|Any CPU
		{74303E83-8D0A-4876-9043-6D593EC480E1}.Release|Any CPU.ActiveCfg = Release|Any CPU
		{74303E83-8D0A-4876-9043-6D593EC480E1}.Release|Any CPU.Build.0 = Release|Any CPU
		{9570C34F-A115-49A1-88F5-1BC4C646D34A}.Debug|Any CPU.ActiveCfg = Debug|Any CPU
		{9570C34F-A115-49A1-88F5-1BC4C646D34A}.Debug|Any CPU.Build.0 = Debug|Any CPU
		{9570C34F-A115-49A1-88F5-1BC4C646D34A}.Release|Any CPU.ActiveCfg = Release|Any CPU
		{9570C34F-A115-49A1-88F5-1BC4C646D34A}.Release|Any CPU.Build.0 = Release|Any CPU
		{BFF12819-F50D-4C76-9CA0-14AB57ED761A}.Debug|Any CPU.ActiveCfg = Debug|Any CPU
		{BFF12819-F50D-4C76-9CA0-14AB57ED761A}.Debug|Any CPU.Build.0 = Debug|Any CPU
		{BFF12819-F50D-4C76-9CA0-14AB57ED761A}.Release|Any CPU.ActiveCfg = Release|Any CPU
		{BFF12819-F50D-4C76-9CA0-14AB57ED761A}.Release|Any CPU.Build.0 = Release|Any CPU
		{02ECC267-D3B6-40F0-BD4C-6CAB798EC992}.Debug|Any CPU.ActiveCfg = Debug|Any CPU
		{02ECC267-D3B6-40F0-BD4C-6CAB798EC992}.Debug|Any CPU.Build.0 = Debug|Any CPU
		{02ECC267-D3B6-40F0-BD4C-6CAB798EC992}.Release|Any CPU.ActiveCfg = Release|Any CPU
		{02ECC267-D3B6-40F0-BD4C-6CAB798EC992}.Release|Any CPU.Build.0 = Release|Any CPU
		{92FD46C9-5ED7-4EFE-8C4D-EBF24A359BF9}.Debug|Any CPU.ActiveCfg = Debug|Any CPU
		{92FD46C9-5ED7-4EFE-8C4D-EBF24A359BF9}.Debug|Any CPU.Build.0 = Debug|Any CPU
		{92FD46C9-5ED7-4EFE-8C4D-EBF24A359BF9}.Release|Any CPU.ActiveCfg = Release|Any CPU
		{92FD46C9-5ED7-4EFE-8C4D-EBF24A359BF9}.Release|Any CPU.Build.0 = Release|Any CPU
		{792D12AF-9CC7-4698-AFD2-DBD81799FBF5}.Debug|Any CPU.ActiveCfg = Debug|Any CPU
		{792D12AF-9CC7-4698-AFD2-DBD81799FBF5}.Debug|Any CPU.Build.0 = Debug|Any CPU
		{792D12AF-9CC7-4698-AFD2-DBD81799FBF5}.Release|Any CPU.ActiveCfg = Release|Any CPU
		{792D12AF-9CC7-4698-AFD2-DBD81799FBF5}.Release|Any CPU.Build.0 = Release|Any CPU
		{2ECCB61A-7BCA-4644-8A3E-8053F3DC7243}.Debug|Any CPU.ActiveCfg = Debug|Any CPU
		{2ECCB61A-7BCA-4644-8A3E-8053F3DC7243}.Debug|Any CPU.Build.0 = Debug|Any CPU
		{2ECCB61A-7BCA-4644-8A3E-8053F3DC7243}.Release|Any CPU.ActiveCfg = Release|Any CPU
		{2ECCB61A-7BCA-4644-8A3E-8053F3DC7243}.Release|Any CPU.Build.0 = Release|Any CPU
		{F8B49866-5BE7-45C8-881E-741AF0A5B59D}.Debug|Any CPU.ActiveCfg = Debug|Any CPU
		{F8B49866-5BE7-45C8-881E-741AF0A5B59D}.Debug|Any CPU.Build.0 = Debug|Any CPU
		{F8B49866-5BE7-45C8-881E-741AF0A5B59D}.Release|Any CPU.ActiveCfg = Release|Any CPU
		{F8B49866-5BE7-45C8-881E-741AF0A5B59D}.Release|Any CPU.Build.0 = Release|Any CPU
		{39578A5F-55F2-4D38-8BF5-B4EBEE5AF591}.Debug|Any CPU.ActiveCfg = Debug|Any CPU
		{39578A5F-55F2-4D38-8BF5-B4EBEE5AF591}.Debug|Any CPU.Build.0 = Debug|Any CPU
		{39578A5F-55F2-4D38-8BF5-B4EBEE5AF591}.Release|Any CPU.ActiveCfg = Release|Any CPU
		{39578A5F-55F2-4D38-8BF5-B4EBEE5AF591}.Release|Any CPU.Build.0 = Release|Any CPU
		{4E50E1A4-625D-49B1-B700-B7A3BEA4B489}.Debug|Any CPU.ActiveCfg = Debug|Any CPU
		{4E50E1A4-625D-49B1-B700-B7A3BEA4B489}.Debug|Any CPU.Build.0 = Debug|Any CPU
		{4E50E1A4-625D-49B1-B700-B7A3BEA4B489}.Release|Any CPU.ActiveCfg = Release|Any CPU
		{4E50E1A4-625D-49B1-B700-B7A3BEA4B489}.Release|Any CPU.Build.0 = Release|Any CPU
		{A4A1E4D4-CAD2-40B3-BF09-E99D41C1AFF5}.Debug|Any CPU.ActiveCfg = Debug|Any CPU
		{A4A1E4D4-CAD2-40B3-BF09-E99D41C1AFF5}.Debug|Any CPU.Build.0 = Debug|Any CPU
		{A4A1E4D4-CAD2-40B3-BF09-E99D41C1AFF5}.Release|Any CPU.ActiveCfg = Release|Any CPU
		{A4A1E4D4-CAD2-40B3-BF09-E99D41C1AFF5}.Release|Any CPU.Build.0 = Release|Any CPU
		{5C21BA75-A1FF-4597-B20E-48965ACA7329}.Debug|Any CPU.ActiveCfg = Debug|Any CPU
		{5C21BA75-A1FF-4597-B20E-48965ACA7329}.Debug|Any CPU.Build.0 = Debug|Any CPU
		{5C21BA75-A1FF-4597-B20E-48965ACA7329}.Release|Any CPU.ActiveCfg = Release|Any CPU
		{5C21BA75-A1FF-4597-B20E-48965ACA7329}.Release|Any CPU.Build.0 = Release|Any CPU
	EndGlobalSection
	GlobalSection(SolutionProperties) = preSolution
		HideSolutionNode = FALSE
	EndGlobalSection
	GlobalSection(NestedProjects) = preSolution
		{97216610-8206-452D-ABA6-34FE55FC3BB8} = {476A5B01-A91F-43CA-AD64-DF32DD81D6C8}
		{71A1A5A9-0AC8-4475-BED2-20020E8D2663} = {476A5B01-A91F-43CA-AD64-DF32DD81D6C8}
		{36556AA0-92AF-414F-853B-C8D6340A850F} = {6C8F4F13-710C-4CC2-9368-701464C722AE}
		{4D95D509-AADF-4F85-ABFF-07E6643F04BC} = {36556AA0-92AF-414F-853B-C8D6340A850F}
		{06DF6D13-BE5F-4FFB-B648-130982ECE3BA} = {49D893B0-9A42-48E7-8226-D29574758CF1}
		{F3EF98C7-003D-4DB5-B364-7F1A279C0035} = {49D893B0-9A42-48E7-8226-D29574758CF1}
		{A49ADB6E-06FF-4B1C-A6A9-209741C9DCC8} = {7E51CE35-ABAF-44C7-9F19-59B356F9BB84}
		{49D893B0-9A42-48E7-8226-D29574758CF1} = {6C8F4F13-710C-4CC2-9368-701464C722AE}
		{722ACEB6-BFED-48B1-8A1D-BD6DE56386DB} = {0A2B4C99-5AC5-4058-9019-6F7E507BA5FD}
		{F0BEBF4D-5FCA-4D95-AE8D-61EFCD5F6BED} = {0A2B4C99-5AC5-4058-9019-6F7E507BA5FD}
		{075E3085-93D1-42AE-830F-246A26085BFD} = {F0BEBF4D-5FCA-4D95-AE8D-61EFCD5F6BED}
		{661CB33E-AC43-4EB3-96D3-1BFDBDD41DE6} = {F0BEBF4D-5FCA-4D95-AE8D-61EFCD5F6BED}
		{FBA66D88-4B8C-4DC7-9EFC-3C2BB848CA55} = {BFC02466-9ECA-4091-BCAA-D9423D0F4E1F}
		{5B6E19CC-1B70-4280-B0C5-E26990D6C0C7} = {BFC02466-9ECA-4091-BCAA-D9423D0F4E1F}
		{FE070AE8-91A8-4E78-9877-DFF28259161F} = {5B6E19CC-1B70-4280-B0C5-E26990D6C0C7}
		{79B29D5F-B270-4495-AAE0-0F764B3FA348} = {5B6E19CC-1B70-4280-B0C5-E26990D6C0C7}
		{4069B064-DD5C-4037-998C-15AD80A64CF5} = {DEC10110-CEDD-4E59-B61E-2C57ED0C8A3F}
		{9726295E-C361-4C35-A392-BB401C3215A7} = {4069B064-DD5C-4037-998C-15AD80A64CF5}
		{23E3BF92-9395-4AA2-800D-D030972AC546} = {4069B064-DD5C-4037-998C-15AD80A64CF5}
		{BDD54D07-FD79-435B-AB18-202B3B3FE789} = {4069B064-DD5C-4037-998C-15AD80A64CF5}
		{454FF15C-8002-4844-BBCB-A57E798E774A} = {4069B064-DD5C-4037-998C-15AD80A64CF5}
		{126F359C-3220-4551-848A-1899F39CD398} = {D418038F-0C62-44B7-868E-61C2C381AEAC}
		{2774D0FA-4EFF-4950-95A4-929E0E6F8361} = {D418038F-0C62-44B7-868E-61C2C381AEAC}
		{37675F44-3424-42B7-86D8-8558EBE6DCFF} = {2774D0FA-4EFF-4950-95A4-929E0E6F8361}
		{707A05C0-4366-43CC-AC4C-E519E006E38F} = {2774D0FA-4EFF-4950-95A4-929E0E6F8361}
		{D12AAA8E-DE9D-4CB5-A943-EC2E60518340} = {335DD265-87C6-4C44-9566-4FA987DE58C5}
		{449B1701-B4D2-4912-BE59-838A4C319936} = {B3B3D838-B40A-4458-9CD4-C74262902D3A}
		{B3B3D838-B40A-4458-9CD4-C74262902D3A} = {6C8F4F13-710C-4CC2-9368-701464C722AE}
		{0ED8884C-1D69-4433-988A-B01418E499E2} = {335DD265-87C6-4C44-9566-4FA987DE58C5}
		{2BFACDC3-F44D-4199-8498-F5C3C4AC0335} = {6F9DB483-0DDC-4A7A-B666-36FA3EEEC655}
		{E461C0A8-8900-485C-B520-E929BA33F712} = {6F9DB483-0DDC-4A7A-B666-36FA3EEEC655}
		{01694260-4781-4ECA-B349-1C9B99363FB1} = {335DD265-87C6-4C44-9566-4FA987DE58C5}
		{31B71D12-CC5C-4C5F-995C-B35248845268} = {335DD265-87C6-4C44-9566-4FA987DE58C5}
		{DAD99CD2-77A4-4004-A6D8-205090621CFA} = {D7BFD2D6-AB8B-44E8-A02D-55D45D8B552B}
		{4CE35E6F-1D2D-45B6-91CF-9D6671306E0A} = {7E51CE35-ABAF-44C7-9F19-59B356F9BB84}
		{82E24609-8B4A-4583-8A78-8C7033D79FAF} = {D7BFD2D6-AB8B-44E8-A02D-55D45D8B552B}
		{276281C4-AEBB-48D9-BE1F-BD9D150090C6} = {82E24609-8B4A-4583-8A78-8C7033D79FAF}
		{C57EE34B-AA90-4081-891C-8233CD615711} = {7E51CE35-ABAF-44C7-9F19-59B356F9BB84}
		{F33665D7-03B3-4C6A-ABEA-A9C906B7719E} = {B3CC376E-0C85-4B3D-900F-F36FE5D1B6D8}
		{595C0845-E997-4F09-B89F-C9ACBFFED462} = {B3CC376E-0C85-4B3D-900F-F36FE5D1B6D8}
		{1B9066DC-CB6B-4A02-A365-6ED6592ABC11} = {595C0845-E997-4F09-B89F-C9ACBFFED462}
		{DF936FAD-56CD-4836-B745-03285DE2E721} = {B3CC376E-0C85-4B3D-900F-F36FE5D1B6D8}
		{0703A35E-57C7-48B5-91E0-463960D30902} = {36BDFEA5-E92F-4DF8-ADF1-E51774D70097}
		{353EDCB5-0AD1-4CFB-9AED-149A978BA399} = {36BDFEA5-E92F-4DF8-ADF1-E51774D70097}
		{4D174C79-2A41-40ED-B425-4E7410088BB7} = {353EDCB5-0AD1-4CFB-9AED-149A978BA399}
		{960E6CD5-261E-42B3-8CCF-0E1484ACEE54} = {36BDFEA5-E92F-4DF8-ADF1-E51774D70097}
		{AC92B2CF-352F-4A22-96F3-CB619209B923} = {7E51CE35-ABAF-44C7-9F19-59B356F9BB84}
		{B730F924-064D-4EDE-821B-D1E12918EA25} = {9DBDA434-B757-483E-8CAB-80619D3D12E8}
		{CDCED4FF-A474-4077-AE0D-CFA76CB4AFB9} = {7E51CE35-ABAF-44C7-9F19-59B356F9BB84}
		{D37B29F9-82B4-4F48-9608-5C1FB2BCA77D} = {42F614ED-A13F-4523-B99C-0E8FAE8CB85B}
		{20C7B0DD-0E55-435F-89F9-7911E3C952DD} = {42F614ED-A13F-4523-B99C-0E8FAE8CB85B}
		{7CEA9D0D-4494-4FD3-92EA-C7129940D3CB} = {20C7B0DD-0E55-435F-89F9-7911E3C952DD}
		{74303E83-8D0A-4876-9043-6D593EC480E1} = {BEF3880B-83A1-4629-BFCD-9ED47037DD8A}
		{9570C34F-A115-49A1-88F5-1BC4C646D34A} = {BEF3880B-83A1-4629-BFCD-9ED47037DD8A}
		{BFF12819-F50D-4C76-9CA0-14AB57ED761A} = {3F876DF8-3701-4DDB-B2FD-225E56C08107}
		{02ECC267-D3B6-40F0-BD4C-6CAB798EC992} = {3F876DF8-3701-4DDB-B2FD-225E56C08107}
		{D5EB3DF0-018A-4A45-B07F-E8711150C997} = {3F876DF8-3701-4DDB-B2FD-225E56C08107}
		{92FD46C9-5ED7-4EFE-8C4D-EBF24A359BF9} = {D5EB3DF0-018A-4A45-B07F-E8711150C997}
		{792D12AF-9CC7-4698-AFD2-DBD81799FBF5} = {D5EB3DF0-018A-4A45-B07F-E8711150C997}
		{DCC19754-2634-4F89-BEB4-5D0718B77643} = {3F876DF8-3701-4DDB-B2FD-225E56C08107}
		{2ECCB61A-7BCA-4644-8A3E-8053F3DC7243} = {DCC19754-2634-4F89-BEB4-5D0718B77643}
		{AA820982-8CAD-4D62-BEA1-B205DFC3F894} = {3F876DF8-3701-4DDB-B2FD-225E56C08107}
		{F8B49866-5BE7-45C8-881E-741AF0A5B59D} = {AA820982-8CAD-4D62-BEA1-B205DFC3F894}
		{39578A5F-55F2-4D38-8BF5-B4EBEE5AF591} = {D5EB3DF0-018A-4A45-B07F-E8711150C997}
		{4E50E1A4-625D-49B1-B700-B7A3BEA4B489} = {01131F7C-7C26-4145-AD72-40E6B723BB24}
		{A4A1E4D4-CAD2-40B3-BF09-E99D41C1AFF5} = {01131F7C-7C26-4145-AD72-40E6B723BB24}
		{5C21BA75-A1FF-4597-B20E-48965ACA7329} = {01131F7C-7C26-4145-AD72-40E6B723BB24}
	EndGlobalSection
	GlobalSection(ExtensibilityGlobals) = postSolution
		SolutionGuid = {89C8FAB2-77A3-4149-9460-FF19A053A8BB}
	EndGlobalSection
EndGlobal
